
Microsoft Visual Studio Solution File, Format Version 12.00
# Visual Studio 15
VisualStudioVersion = 15.0.26730.15
MinimumVisualStudioVersion = 10.0.40219.1
Project("{2150E333-8FDC-42A3-9474-1A3956D46DE8}") = "LayIM.AspNetCore", "LayIM.AspNetCore", "{F9CB2A37-2A35-4EC0-BD23-EFC23421B28E}"
EndProject
Project("{2150E333-8FDC-42A3-9474-1A3956D46DE8}") = "LayIM.AspNetCore.IM", "LayIM.AspNetCore.IM", "{1F094733-5A4A-4F40-A8E0-DFFFB7BDA17A}"
EndProject
Project("{2150E333-8FDC-42A3-9474-1A3956D46DE8}") = "LayIM.AspNetCore.Storage", "LayIM.AspNetCore.Storage", "{1915707E-68A7-4150-B6DC-03D2CE8180C5}"
EndProject
Project("{9A19103F-16F7-4668-BE54-9A1E7A4F7556}") = "LayIM.AspNetCore.Core", "LayIM.AspNetCore.Middleware\LayIM.AspNetCore.Core.csproj", "{232F4903-B654-4693-B58F-988C61A0A6B3}"
EndProject
Project("{2150E333-8FDC-42A3-9474-1A3956D46DE8}") = "LayIM.AspNetCore.Demo", "LayIM.AspNetCore.Demo", "{A03D3839-6153-439B-B1CE-7DE2A0780CE9}"
EndProject
Project("{9A19103F-16F7-4668-BE54-9A1E7A4F7556}") = "LayIM.AspNetCore.WebDemo", "..\LayIM.AspNetCore.Demo\LayIM.AspNetCore.WebDemo\LayIM.AspNetCore.WebDemo.csproj", "{D18635D5-6276-4540-9BB6-828088D84CD5}"
EndProject
Project("{9A19103F-16F7-4668-BE54-9A1E7A4F7556}") = "LayIM.AspNetCore.Tests", "..\..\tests\LayIM.AspNetCore.Tests\LayIM.AspNetCore.Tests.csproj", "{DCB8F6FD-F3BA-4EBF-AC59-25829EF24A5F}"
EndProject
Global
	GlobalSection(SolutionConfigurationPlatforms) = preSolution
		Debug|Any CPU = Debug|Any CPU
		Release|Any CPU = Release|Any CPU
	EndGlobalSection
	GlobalSection(ProjectConfigurationPlatforms) = postSolution
		{232F4903-B654-4693-B58F-988C61A0A6B3}.Debug|Any CPU.ActiveCfg = Debug|Any CPU
		{232F4903-B654-4693-B58F-988C61A0A6B3}.Debug|Any CPU.Build.0 = Debug|Any CPU
		{232F4903-B654-4693-B58F-988C61A0A6B3}.Release|Any CPU.ActiveCfg = Release|Any CPU
		{232F4903-B654-4693-B58F-988C61A0A6B3}.Release|Any CPU.Build.0 = Release|Any CPU
		{D18635D5-6276-4540-9BB6-828088D84CD5}.Debug|Any CPU.ActiveCfg = Debug|Any CPU
		{D18635D5-6276-4540-9BB6-828088D84CD5}.Debug|Any CPU.Build.0 = Debug|Any CPU
		{D18635D5-6276-4540-9BB6-828088D84CD5}.Release|Any CPU.ActiveCfg = Release|Any CPU
		{D18635D5-6276-4540-9BB6-828088D84CD5}.Release|Any CPU.Build.0 = Release|Any CPU
		{DCB8F6FD-F3BA-4EBF-AC59-25829EF24A5F}.Debug|Any CPU.ActiveCfg = Debug|Any CPU
		{DCB8F6FD-F3BA-4EBF-AC59-25829EF24A5F}.Debug|Any CPU.Build.0 = Debug|Any CPU
		{DCB8F6FD-F3BA-4EBF-AC59-25829EF24A5F}.Release|Any CPU.ActiveCfg = Release|Any CPU
		{DCB8F6FD-F3BA-4EBF-AC59-25829EF24A5F}.Release|Any CPU.Build.0 = Release|Any CPU
	EndGlobalSection
	GlobalSection(SolutionProperties) = preSolution
		HideSolutionNode = FALSE
	EndGlobalSection
	GlobalSection(NestedProjects) = preSolution
		{232F4903-B654-4693-B58F-988C61A0A6B3} = {F9CB2A37-2A35-4EC0-BD23-EFC23421B28E}
		{D18635D5-6276-4540-9BB6-828088D84CD5} = {A03D3839-6153-439B-B1CE-7DE2A0780CE9}
	EndGlobalSection
	GlobalSection(ExtensibilityGlobals) = postSolution
		SolutionGuid = {A2A1D304-2D34-4AFC-8A05-CD7A467F5F23}
	EndGlobalSection
EndGlobal
